
Microsoft Visual Studio Solution File, Format Version 12.00
# Visual Studio Version 16
VisualStudioVersion = 16.0.34407.143
MinimumVisualStudioVersion = 10.0.40219.1
Project("{FAE04EC0-301F-11D3-BF4B-00C04F79EFBC}") = "Sergioteacher.Csharp04.ProtoFileDialog", "Sergioteacher.Csharp04.ProtoFileDialog\Sergioteacher.Csharp04.ProtoFileDialog.csproj", "{15F88025-044E-4392-BEEA-61BE08F0FB27}"
EndProject
Global
	GlobalSection(SolutionConfigurationPlatforms) = preSolution
		Debug|Any CPU = Debug|Any CPU
		Release|Any CPU = Release|Any CPU
	EndGlobalSection
	GlobalSection(ProjectConfigurationPlatforms) = postSolution
		{15F88025-044E-4392-BEEA-61BE08F0FB27}.Debug|Any CPU.ActiveCfg = Debug|Any CPU
		{15F88025-044E-4392-BEEA-61BE08F0FB27}.Debug|Any CPU.Build.0 = Debug|Any CPU
		{15F88025-044E-4392-BEEA-61BE08F0FB27}.Release|Any CPU.ActiveCfg = Release|Any CPU
		{15F88025-044E-4392-BEEA-61BE08F0FB27}.Release|Any CPU.Build.0 = Release|Any CPU
	EndGlobalSection
	GlobalSection(SolutionProperties) = preSolution
		HideSolutionNode = FALSE
	EndGlobalSection
	GlobalSection(ExtensibilityGlobals) = postSolution
		SolutionGuid = {D53FDDC6-9CCB-464A-AAD2-5ED091ABAE31}
	EndGlobalSection
EndGlobal
